
Microsoft Visual Studio Solution File, Format Version 12.00
# Visual Studio 15
VisualStudioVersion = 15.0.28010.2046
MinimumVisualStudioVersion = 10.0.40219.1
Project("{FAE04EC0-301F-11D3-BF4B-00C04F79EFBC}") = "DnDMasterGenerator", "DnDMasterGenerator\DnDMasterGenerator.csproj", "{26CD37C5-DD7F-49DE-8BB6-887CF4329497}"
EndProject
Global
	GlobalSection(SolutionConfigurationPlatforms) = preSolution
		Debug|Any CPU = Debug|Any CPU
		Release|Any CPU = Release|Any CPU
	EndGlobalSection
	GlobalSection(ProjectConfigurationPlatforms) = postSolution
		{26CD37C5-DD7F-49DE-8BB6-887CF4329497}.Debug|Any CPU.ActiveCfg = Debug|Any CPU
		{26CD37C5-DD7F-49DE-8BB6-887CF4329497}.Debug|Any CPU.Build.0 = Debug|Any CPU
		{26CD37C5-DD7F-49DE-8BB6-887CF4329497}.Release|Any CPU.ActiveCfg = Release|Any CPU
		{26CD37C5-DD7F-49DE-8BB6-887CF4329497}.Release|Any CPU.Build.0 = Release|Any CPU
	EndGlobalSection
	GlobalSection(SolutionProperties) = preSolution
		HideSolutionNode = FALSE
	EndGlobalSection
	GlobalSection(ExtensibilityGlobals) = postSolution
		SolutionGuid = {2E264B37-C128-42D9-9BF8-29C5FC7098F7}
	EndGlobalSection
EndGlobal
