
Microsoft Visual Studio Solution File, Format Version 12.00
# Visual Studio 15
VisualStudioVersion = 15.0.28010.2041
MinimumVisualStudioVersion = 10.0.40219.1
Project("{FAE04EC0-301F-11D3-BF4B-00C04F79EFBC}") = "DNDGear", "DNDGear\DNDGear.csproj", "{459ADFD7-5C42-4616-BBC2-7F5B4CCAA02F}"
EndProject
Global
	GlobalSection(SolutionConfigurationPlatforms) = preSolution
		Debug|Any CPU = Debug|Any CPU
		Release|Any CPU = Release|Any CPU
	EndGlobalSection
	GlobalSection(ProjectConfigurationPlatforms) = postSolution
		{459ADFD7-5C42-4616-BBC2-7F5B4CCAA02F}.Debug|Any CPU.ActiveCfg = Debug|Any CPU
		{459ADFD7-5C42-4616-BBC2-7F5B4CCAA02F}.Debug|Any CPU.Build.0 = Debug|Any CPU
		{459ADFD7-5C42-4616-BBC2-7F5B4CCAA02F}.Release|Any CPU.ActiveCfg = Release|Any CPU
		{459ADFD7-5C42-4616-BBC2-7F5B4CCAA02F}.Release|Any CPU.Build.0 = Release|Any CPU
	EndGlobalSection
	GlobalSection(SolutionProperties) = preSolution
		HideSolutionNode = FALSE
	EndGlobalSection
	GlobalSection(ExtensibilityGlobals) = postSolution
		SolutionGuid = {918B8244-CF1E-46B7-BAD3-5219BC9E1357}
	EndGlobalSection
EndGlobal
